
Microsoft Visual Studio Solution File, Format Version 12.00
# Visual Studio Version 17
VisualStudioVersion = 17.9.34728.123
MinimumVisualStudioVersion = 10.0.40219.1
Project("{FAE04EC0-301F-11D3-BF4B-00C04F79EFBC}") = "LeaveManagement", "LeaveManagement\LeaveManagement.csproj", "{C684FDF5-123F-47BC-8DD2-71763CF84A81}"
EndProject
Global
	GlobalSection(SolutionConfigurationPlatforms) = preSolution
		Debug|Any CPU = Debug|Any CPU
		Release|Any CPU = Release|Any CPU
	EndGlobalSection
	GlobalSection(ProjectConfigurationPlatforms) = postSolution
		{C684FDF5-123F-47BC-8DD2-71763CF84A81}.Debug|Any CPU.ActiveCfg = Debug|Any CPU
		{C684FDF5-123F-47BC-8DD2-71763CF84A81}.Debug|Any CPU.Build.0 = Debug|Any CPU
		{C684FDF5-123F-47BC-8DD2-71763CF84A81}.Release|Any CPU.ActiveCfg = Release|Any CPU
		{C684FDF5-123F-47BC-8DD2-71763CF84A81}.Release|Any CPU.Build.0 = Release|Any CPU
	EndGlobalSection
	GlobalSection(SolutionProperties) = preSolution
		HideSolutionNode = FALSE
	EndGlobalSection
	GlobalSection(ExtensibilityGlobals) = postSolution
		SolutionGuid = {6116A0E7-372A-43AC-99B5-E8C2BCE46FAB}
	EndGlobalSection
EndGlobal
